
Microsoft Visual Studio Solution File, Format Version 12.00
# Visual Studio Version 16
VisualStudioVersion = 16.0.34031.81
MinimumVisualStudioVersion = 10.0.40219.1
Project("{F184B08F-C81C-45F6-A57F-5ABD9991F28F}") = "6feb Events", "6feb Events\6feb Events.vbproj", "{3261FDAB-AAF1-4CC5-8290-8844ECBF7183}"
EndProject
Global
	GlobalSection(SolutionConfigurationPlatforms) = preSolution
		Debug|Any CPU = Debug|Any CPU
		Release|Any CPU = Release|Any CPU
	EndGlobalSection
	GlobalSection(ProjectConfigurationPlatforms) = postSolution
		{3261FDAB-AAF1-4CC5-8290-8844ECBF7183}.Debug|Any CPU.ActiveCfg = Debug|Any CPU
		{3261FDAB-AAF1-4CC5-8290-8844ECBF7183}.Debug|Any CPU.Build.0 = Debug|Any CPU
		{3261FDAB-AAF1-4CC5-8290-8844ECBF7183}.Release|Any CPU.ActiveCfg = Release|Any CPU
		{3261FDAB-AAF1-4CC5-8290-8844ECBF7183}.Release|Any CPU.Build.0 = Release|Any CPU
	EndGlobalSection
	GlobalSection(SolutionProperties) = preSolution
		HideSolutionNode = FALSE
	EndGlobalSection
	GlobalSection(ExtensibilityGlobals) = postSolution
		SolutionGuid = {A23E1FF9-E8A8-421F-8B74-9072047CD8A7}
	EndGlobalSection
EndGlobal
