
Microsoft Visual Studio Solution File, Format Version 12.00
# Visual Studio Version 16
VisualStudioVersion = 16.0.34031.81
MinimumVisualStudioVersion = 10.0.40219.1
Project("{F184B08F-C81C-45F6-A57F-5ABD9991F28F}") = "8feb Fetch Data from personID", "8feb Fetch Data from personID\8feb Fetch Data from personID.vbproj", "{2677B38D-9FBE-48FB-B3E5-1C3200174478}"
EndProject
Global
	GlobalSection(SolutionConfigurationPlatforms) = preSolution
		Debug|Any CPU = Debug|Any CPU
		Release|Any CPU = Release|Any CPU
	EndGlobalSection
	GlobalSection(ProjectConfigurationPlatforms) = postSolution
		{2677B38D-9FBE-48FB-B3E5-1C3200174478}.Debug|Any CPU.ActiveCfg = Debug|Any CPU
		{2677B38D-9FBE-48FB-B3E5-1C3200174478}.Debug|Any CPU.Build.0 = Debug|Any CPU
		{2677B38D-9FBE-48FB-B3E5-1C3200174478}.Release|Any CPU.ActiveCfg = Release|Any CPU
		{2677B38D-9FBE-48FB-B3E5-1C3200174478}.Release|Any CPU.Build.0 = Release|Any CPU
	EndGlobalSection
	GlobalSection(SolutionProperties) = preSolution
		HideSolutionNode = FALSE
	EndGlobalSection
	GlobalSection(ExtensibilityGlobals) = postSolution
		SolutionGuid = {9EC7B7BA-586F-4C1A-97B6-8A64C1A6BAA4}
	EndGlobalSection
EndGlobal
