
Microsoft Visual Studio Solution File, Format Version 12.00
# Visual Studio Version 16
VisualStudioVersion = 16.0.34031.81
MinimumVisualStudioVersion = 10.0.40219.1
Project("{F184B08F-C81C-45F6-A57F-5ABD9991F28F}") = "8feb fetch", "8feb fetch\8feb fetch.vbproj", "{C98DA47D-60A1-4838-B26E-2EE94D165FE6}"
EndProject
Global
	GlobalSection(SolutionConfigurationPlatforms) = preSolution
		Debug|Any CPU = Debug|Any CPU
		Release|Any CPU = Release|Any CPU
	EndGlobalSection
	GlobalSection(ProjectConfigurationPlatforms) = postSolution
		{C98DA47D-60A1-4838-B26E-2EE94D165FE6}.Debug|Any CPU.ActiveCfg = Debug|Any CPU
		{C98DA47D-60A1-4838-B26E-2EE94D165FE6}.Debug|Any CPU.Build.0 = Debug|Any CPU
		{C98DA47D-60A1-4838-B26E-2EE94D165FE6}.Release|Any CPU.ActiveCfg = Release|Any CPU
		{C98DA47D-60A1-4838-B26E-2EE94D165FE6}.Release|Any CPU.Build.0 = Release|Any CPU
	EndGlobalSection
	GlobalSection(SolutionProperties) = preSolution
		HideSolutionNode = FALSE
	EndGlobalSection
	GlobalSection(ExtensibilityGlobals) = postSolution
		SolutionGuid = {BE2D138E-90A9-4812-95FE-FA7867F26D6A}
	EndGlobalSection
EndGlobal
